
Microsoft Visual Studio Solution File, Format Version 12.00
# Visual Studio Version 17
VisualStudioVersion = 17.9.34616.47
MinimumVisualStudioVersion = 10.0.40219.1
Project("{FAE04EC0-301F-11D3-BF4B-00C04F79EFBC}") = "Ex 1 - While", "Ex 1 - While.csproj", "{F7F778E2-D7BF-4731-8C75-D08D0BA3D897}"
EndProject
Global
	GlobalSection(SolutionConfigurationPlatforms) = preSolution
		Debug|Any CPU = Debug|Any CPU
		Release|Any CPU = Release|Any CPU
	EndGlobalSection
	GlobalSection(ProjectConfigurationPlatforms) = postSolution
		{F7F778E2-D7BF-4731-8C75-D08D0BA3D897}.Debug|Any CPU.ActiveCfg = Debug|Any CPU
		{F7F778E2-D7BF-4731-8C75-D08D0BA3D897}.Debug|Any CPU.Build.0 = Debug|Any CPU
		{F7F778E2-D7BF-4731-8C75-D08D0BA3D897}.Release|Any CPU.ActiveCfg = Release|Any CPU
		{F7F778E2-D7BF-4731-8C75-D08D0BA3D897}.Release|Any CPU.Build.0 = Release|Any CPU
	EndGlobalSection
	GlobalSection(SolutionProperties) = preSolution
		HideSolutionNode = FALSE
	EndGlobalSection
	GlobalSection(ExtensibilityGlobals) = postSolution
		SolutionGuid = {DE9C72F1-FA9B-4F08-99A4-7CF79D4A9BF9}
	EndGlobalSection
EndGlobal
