
Microsoft Visual Studio Solution File, Format Version 12.00
# Visual Studio Version 17
VisualStudioVersion = 17.9.34616.47
MinimumVisualStudioVersion = 10.0.40219.1
Project("{FAE04EC0-301F-11D3-BF4B-00C04F79EFBC}") = "Problema Ex 2 - Vetor", "Problema Ex 2 - Vetor.csproj", "{EB5FFD32-4D8E-44D2-9FEB-891F664EA9AF}"
EndProject
Global
	GlobalSection(SolutionConfigurationPlatforms) = preSolution
		Debug|Any CPU = Debug|Any CPU
		Release|Any CPU = Release|Any CPU
	EndGlobalSection
	GlobalSection(ProjectConfigurationPlatforms) = postSolution
		{EB5FFD32-4D8E-44D2-9FEB-891F664EA9AF}.Debug|Any CPU.ActiveCfg = Debug|Any CPU
		{EB5FFD32-4D8E-44D2-9FEB-891F664EA9AF}.Debug|Any CPU.Build.0 = Debug|Any CPU
		{EB5FFD32-4D8E-44D2-9FEB-891F664EA9AF}.Release|Any CPU.ActiveCfg = Release|Any CPU
		{EB5FFD32-4D8E-44D2-9FEB-891F664EA9AF}.Release|Any CPU.Build.0 = Release|Any CPU
	EndGlobalSection
	GlobalSection(SolutionProperties) = preSolution
		HideSolutionNode = FALSE
	EndGlobalSection
	GlobalSection(ExtensibilityGlobals) = postSolution
		SolutionGuid = {3C7966FF-39E3-4AA7-85A8-C8D148A2D14A}
	EndGlobalSection
EndGlobal
