
Microsoft Visual Studio Solution File, Format Version 12.00
# Visual Studio Version 17
VisualStudioVersion = 17.9.34616.47
MinimumVisualStudioVersion = 10.0.40219.1
Project("{FAE04EC0-301F-11D3-BF4B-00C04F79EFBC}") = "Ex 3 - Exercícios de Fixação", "Ex 3 - Exercícios de Fixação.csproj", "{46251CC2-A02E-4C88-810A-063BF2912DEF}"
EndProject
Global
	GlobalSection(SolutionConfigurationPlatforms) = preSolution
		Debug|Any CPU = Debug|Any CPU
		Release|Any CPU = Release|Any CPU
	EndGlobalSection
	GlobalSection(ProjectConfigurationPlatforms) = postSolution
		{46251CC2-A02E-4C88-810A-063BF2912DEF}.Debug|Any CPU.ActiveCfg = Debug|Any CPU
		{46251CC2-A02E-4C88-810A-063BF2912DEF}.Debug|Any CPU.Build.0 = Debug|Any CPU
		{46251CC2-A02E-4C88-810A-063BF2912DEF}.Release|Any CPU.ActiveCfg = Release|Any CPU
		{46251CC2-A02E-4C88-810A-063BF2912DEF}.Release|Any CPU.Build.0 = Release|Any CPU
	EndGlobalSection
	GlobalSection(SolutionProperties) = preSolution
		HideSolutionNode = FALSE
	EndGlobalSection
	GlobalSection(ExtensibilityGlobals) = postSolution
		SolutionGuid = {84524E07-8A42-4570-8E63-6AD28DDCB251}
	EndGlobalSection
EndGlobal
