
Microsoft Visual Studio Solution File, Format Version 12.00
# Visual Studio Version 17
VisualStudioVersion = 17.8.35201.163
MinimumVisualStudioVersion = 10.0.40219.1
Project("{FAE04EC0-301F-11D3-BF4B-00C04F79EFBC}") = "Exercício 1 - Sem interface", "Exercício 1 - Sem interface\Exercício 1 - Sem interface.csproj", "{1D0435FD-924D-4636-A8E9-BA12E281D5DC}"
EndProject
Global
	GlobalSection(SolutionConfigurationPlatforms) = preSolution
		Debug|Any CPU = Debug|Any CPU
		Release|Any CPU = Release|Any CPU
	EndGlobalSection
	GlobalSection(ProjectConfigurationPlatforms) = postSolution
		{1D0435FD-924D-4636-A8E9-BA12E281D5DC}.Debug|Any CPU.ActiveCfg = Debug|Any CPU
		{1D0435FD-924D-4636-A8E9-BA12E281D5DC}.Debug|Any CPU.Build.0 = Debug|Any CPU
		{1D0435FD-924D-4636-A8E9-BA12E281D5DC}.Release|Any CPU.ActiveCfg = Release|Any CPU
		{1D0435FD-924D-4636-A8E9-BA12E281D5DC}.Release|Any CPU.Build.0 = Release|Any CPU
	EndGlobalSection
	GlobalSection(SolutionProperties) = preSolution
		HideSolutionNode = FALSE
	EndGlobalSection
	GlobalSection(ExtensibilityGlobals) = postSolution
		SolutionGuid = {B6E4A663-B787-420F-9F0C-C691A7AFCB5A}
	EndGlobalSection
EndGlobal
