
Microsoft Visual Studio Solution File, Format Version 12.00
# Visual Studio Version 17
VisualStudioVersion = 17.8.35201.163
MinimumVisualStudioVersion = 10.0.40219.1
Project("{FAE04EC0-301F-11D3-BF4B-00C04F79EFBC}") = "Course", "Course\Course.csproj", "{F40A6A2C-CFF5-48B4-A320-2639D091DB15}"
EndProject
Global
	GlobalSection(SolutionConfigurationPlatforms) = preSolution
		Debug|Any CPU = Debug|Any CPU
		Release|Any CPU = Release|Any CPU
	EndGlobalSection
	GlobalSection(ProjectConfigurationPlatforms) = postSolution
		{F40A6A2C-CFF5-48B4-A320-2639D091DB15}.Debug|Any CPU.ActiveCfg = Debug|Any CPU
		{F40A6A2C-CFF5-48B4-A320-2639D091DB15}.Debug|Any CPU.Build.0 = Debug|Any CPU
		{F40A6A2C-CFF5-48B4-A320-2639D091DB15}.Release|Any CPU.ActiveCfg = Release|Any CPU
		{F40A6A2C-CFF5-48B4-A320-2639D091DB15}.Release|Any CPU.Build.0 = Release|Any CPU
	EndGlobalSection
	GlobalSection(SolutionProperties) = preSolution
		HideSolutionNode = FALSE
	EndGlobalSection
	GlobalSection(ExtensibilityGlobals) = postSolution
		SolutionGuid = {041B38AD-6E02-41FA-A1EA-9F5BB633C70D}
	EndGlobalSection
EndGlobal
