
Microsoft Visual Studio Solution File, Format Version 12.00
# Visual Studio Version 17
VisualStudioVersion = 17.9.34616.47
MinimumVisualStudioVersion = 10.0.40219.1
Project("{FAE04EC0-301F-11D3-BF4B-00C04F79EFBC}") = "Ex 2 - Prog. Objetos", "Ex 2 - Prog. Objetos.csproj", "{22B4BF25-2D0E-4120-89FE-2EE4F8CE54A3}"
EndProject
Global
	GlobalSection(SolutionConfigurationPlatforms) = preSolution
		Debug|Any CPU = Debug|Any CPU
		Release|Any CPU = Release|Any CPU
	EndGlobalSection
	GlobalSection(ProjectConfigurationPlatforms) = postSolution
		{22B4BF25-2D0E-4120-89FE-2EE4F8CE54A3}.Debug|Any CPU.ActiveCfg = Debug|Any CPU
		{22B4BF25-2D0E-4120-89FE-2EE4F8CE54A3}.Debug|Any CPU.Build.0 = Debug|Any CPU
		{22B4BF25-2D0E-4120-89FE-2EE4F8CE54A3}.Release|Any CPU.ActiveCfg = Release|Any CPU
		{22B4BF25-2D0E-4120-89FE-2EE4F8CE54A3}.Release|Any CPU.Build.0 = Release|Any CPU
	EndGlobalSection
	GlobalSection(SolutionProperties) = preSolution
		HideSolutionNode = FALSE
	EndGlobalSection
	GlobalSection(ExtensibilityGlobals) = postSolution
		SolutionGuid = {C036C692-A367-453D-AC9F-49F643C7A656}
	EndGlobalSection
EndGlobal
