
Microsoft Visual Studio Solution File, Format Version 12.00
# Visual Studio Version 17
VisualStudioVersion = 17.8.35201.163
MinimumVisualStudioVersion = 10.0.40219.1
Project("{FAE04EC0-301F-11D3-BF4B-00C04F79EFBC}") = "Course", "Course\Course.csproj", "{2261C92D-220B-45CB-9591-6813BFC20AD0}"
EndProject
Global
	GlobalSection(SolutionConfigurationPlatforms) = preSolution
		Debug|Any CPU = Debug|Any CPU
		Release|Any CPU = Release|Any CPU
	EndGlobalSection
	GlobalSection(ProjectConfigurationPlatforms) = postSolution
		{2261C92D-220B-45CB-9591-6813BFC20AD0}.Debug|Any CPU.ActiveCfg = Debug|Any CPU
		{2261C92D-220B-45CB-9591-6813BFC20AD0}.Debug|Any CPU.Build.0 = Debug|Any CPU
		{2261C92D-220B-45CB-9591-6813BFC20AD0}.Release|Any CPU.ActiveCfg = Release|Any CPU
		{2261C92D-220B-45CB-9591-6813BFC20AD0}.Release|Any CPU.Build.0 = Release|Any CPU
	EndGlobalSection
	GlobalSection(SolutionProperties) = preSolution
		HideSolutionNode = FALSE
	EndGlobalSection
	GlobalSection(ExtensibilityGlobals) = postSolution
		SolutionGuid = {DE6563A7-93F6-47AE-A756-BD3EAC80DCB2}
	EndGlobalSection
EndGlobal
