
Microsoft Visual Studio Solution File, Format Version 12.00
# Visual Studio Version 17
VisualStudioVersion = 17.9.34616.47
MinimumVisualStudioVersion = 10.0.40219.1
Project("{FAE04EC0-301F-11D3-BF4B-00C04F79EFBC}") = "Ex 3 - While", "Ex 3 - While.csproj", "{214B6603-EA04-4D11-B534-B321F133FB09}"
EndProject
Global
	GlobalSection(SolutionConfigurationPlatforms) = preSolution
		Debug|Any CPU = Debug|Any CPU
		Release|Any CPU = Release|Any CPU
	EndGlobalSection
	GlobalSection(ProjectConfigurationPlatforms) = postSolution
		{214B6603-EA04-4D11-B534-B321F133FB09}.Debug|Any CPU.ActiveCfg = Debug|Any CPU
		{214B6603-EA04-4D11-B534-B321F133FB09}.Debug|Any CPU.Build.0 = Debug|Any CPU
		{214B6603-EA04-4D11-B534-B321F133FB09}.Release|Any CPU.ActiveCfg = Release|Any CPU
		{214B6603-EA04-4D11-B534-B321F133FB09}.Release|Any CPU.Build.0 = Release|Any CPU
	EndGlobalSection
	GlobalSection(SolutionProperties) = preSolution
		HideSolutionNode = FALSE
	EndGlobalSection
	GlobalSection(ExtensibilityGlobals) = postSolution
		SolutionGuid = {28BC6AB3-24E7-46CB-A152-24B6D9F82228}
	EndGlobalSection
EndGlobal
