
Microsoft Visual Studio Solution File, Format Version 12.00
# Visual Studio Version 17
VisualStudioVersion = 17.9.34616.47
MinimumVisualStudioVersion = 10.0.40219.1
Project("{FAE04EC0-301F-11D3-BF4B-00C04F79EFBC}") = "ex 6 - else.if", "ex 6 - else.if.csproj", "{FC92CE16-35F2-4773-B39C-BE54135EDA5F}"
EndProject
Global
	GlobalSection(SolutionConfigurationPlatforms) = preSolution
		Debug|Any CPU = Debug|Any CPU
		Release|Any CPU = Release|Any CPU
	EndGlobalSection
	GlobalSection(ProjectConfigurationPlatforms) = postSolution
		{FC92CE16-35F2-4773-B39C-BE54135EDA5F}.Debug|Any CPU.ActiveCfg = Debug|Any CPU
		{FC92CE16-35F2-4773-B39C-BE54135EDA5F}.Debug|Any CPU.Build.0 = Debug|Any CPU
		{FC92CE16-35F2-4773-B39C-BE54135EDA5F}.Release|Any CPU.ActiveCfg = Release|Any CPU
		{FC92CE16-35F2-4773-B39C-BE54135EDA5F}.Release|Any CPU.Build.0 = Release|Any CPU
	EndGlobalSection
	GlobalSection(SolutionProperties) = preSolution
		HideSolutionNode = FALSE
	EndGlobalSection
	GlobalSection(ExtensibilityGlobals) = postSolution
		SolutionGuid = {1BEE6D51-3CD7-430E-9D7E-145D41294214}
	EndGlobalSection
EndGlobal
